
Microsoft Visual Studio Solution File, Format Version 12.00
# Visual Studio Version 16
VisualStudioVersion = 16.0.29009.5
MinimumVisualStudioVersion = 10.0.40219.1
Project("{FAE04EC0-301F-11D3-BF4B-00C04F79EFBC}") = "Firebase.sample.Android", "Firebase.sample\Firebase.sample.Android\Firebase.sample.Android.csproj", "{75608A53-CEBB-41B3-8294-FEBCFD6B1D33}"
EndProject
Project("{FAE04EC0-301F-11D3-BF4B-00C04F79EFBC}") = "Firebase.sample.iOS", "Firebase.sample\Firebase.sample.iOS\Firebase.sample.iOS.csproj", "{23E67CFF-E6AD-4196-9977-88DC898741AC}"
EndProject
Project("{9A19103F-16F7-4668-BE54-9A1E7A4F7556}") = "Firebase.sample", "Firebase.sample\Firebase.sample\Firebase.sample.csproj", "{CC8A0E90-904D-482E-B217-B2ABE3777CAC}"
EndProject
Global
	GlobalSection(SolutionConfigurationPlatforms) = preSolution
		Debug|Any CPU = Debug|Any CPU
		Debug|ARM = Debug|ARM
		Debug|iPhone = Debug|iPhone
		Debug|iPhoneSimulator = Debug|iPhoneSimulator
		Debug|x64 = Debug|x64
		Debug|x86 = Debug|x86
		Release|Any CPU = Release|Any CPU
		Release|ARM = Release|ARM
		Release|iPhone = Release|iPhone
		Release|iPhoneSimulator = Release|iPhoneSimulator
		Release|x64 = Release|x64
		Release|x86 = Release|x86
	EndGlobalSection
	GlobalSection(ProjectConfigurationPlatforms) = postSolution
		{75608A53-CEBB-41B3-8294-FEBCFD6B1D33}.Debug|Any CPU.ActiveCfg = Debug|Any CPU
		{75608A53-CEBB-41B3-8294-FEBCFD6B1D33}.Debug|Any CPU.Build.0 = Debug|Any CPU
		{75608A53-CEBB-41B3-8294-FEBCFD6B1D33}.Debug|Any CPU.Deploy.0 = Debug|Any CPU
		{75608A53-CEBB-41B3-8294-FEBCFD6B1D33}.Debug|ARM.ActiveCfg = Debug|Any CPU
		{75608A53-CEBB-41B3-8294-FEBCFD6B1D33}.Debug|ARM.Build.0 = Debug|Any CPU
		{75608A53-CEBB-41B3-8294-FEBCFD6B1D33}.Debug|ARM.Deploy.0 = Debug|Any CPU
		{75608A53-CEBB-41B3-8294-FEBCFD6B1D33}.Debug|iPhone.ActiveCfg = Debug|Any CPU
		{75608A53-CEBB-41B3-8294-FEBCFD6B1D33}.Debug|iPhone.Build.0 = Debug|Any CPU
		{75608A53-CEBB-41B3-8294-FEBCFD6B1D33}.Debug|iPhone.Deploy.0 = Debug|Any CPU
		{75608A53-CEBB-41B3-8294-FEBCFD6B1D33}.Debug|iPhoneSimulator.ActiveCfg = Debug|Any CPU
		{75608A53-CEBB-41B3-8294-FEBCFD6B1D33}.Debug|iPhoneSimulator.Build.0 = Debug|Any CPU
		{75608A53-CEBB-41B3-8294-FEBCFD6B1D33}.Debug|iPhoneSimulator.Deploy.0 = Debug|Any CPU
		{75608A53-CEBB-41B3-8294-FEBCFD6B1D33}.Debug|x64.ActiveCfg = Debug|Any CPU
		{75608A53-CEBB-41B3-8294-FEBCFD6B1D33}.Debug|x64.Build.0 = Debug|Any CPU
		{75608A53-CEBB-41B3-8294-FEBCFD6B1D33}.Debug|x64.Deploy.0 = Debug|Any CPU
		{75608A53-CEBB-41B3-8294-FEBCFD6B1D33}.Debug|x86.ActiveCfg = Debug|Any CPU
		{75608A53-CEBB-41B3-8294-FEBCFD6B1D33}.Debug|x86.Build.0 = Debug|Any CPU
		{75608A53-CEBB-41B3-8294-FEBCFD6B1D33}.Debug|x86.Deploy.0 = Debug|Any CPU
		{75608A53-CEBB-41B3-8294-FEBCFD6B1D33}.Release|Any CPU.ActiveCfg = Release|Any CPU
		{75608A53-CEBB-41B3-8294-FEBCFD6B1D33}.Release|Any CPU.Build.0 = Release|Any CPU
		{75608A53-CEBB-41B3-8294-FEBCFD6B1D33}.Release|Any CPU.Deploy.0 = Release|Any CPU
		{75608A53-CEBB-41B3-8294-FEBCFD6B1D33}.Release|ARM.ActiveCfg = Release|Any CPU
		{75608A53-CEBB-41B3-8294-FEBCFD6B1D33}.Release|ARM.Build.0 = Release|Any CPU
		{75608A53-CEBB-41B3-8294-FEBCFD6B1D33}.Release|ARM.Deploy.0 = Release|Any CPU
		{75608A53-CEBB-41B3-8294-FEBCFD6B1D33}.Release|iPhone.ActiveCfg = Release|Any CPU
		{75608A53-CEBB-41B3-8294-FEBCFD6B1D33}.Release|iPhone.Build.0 = Release|Any CPU
		{75608A53-CEBB-41B3-8294-FEBCFD6B1D33}.Release|iPhone.Deploy.0 = Release|Any CPU
		{75608A53-CEBB-41B3-8294-FEBCFD6B1D33}.Release|iPhoneSimulator.ActiveCfg = Release|Any CPU
		{75608A53-CEBB-41B3-8294-FEBCFD6B1D33}.Release|iPhoneSimulator.Build.0 = Release|Any CPU
		{75608A53-CEBB-41B3-8294-FEBCFD6B1D33}.Release|iPhoneSimulator.Deploy.0 = Release|Any CPU
		{75608A53-CEBB-41B3-8294-FEBCFD6B1D33}.Release|x64.ActiveCfg = Release|Any CPU
		{75608A53-CEBB-41B3-8294-FEBCFD6B1D33}.Release|x64.Build.0 = Release|Any CPU
		{75608A53-CEBB-41B3-8294-FEBCFD6B1D33}.Release|x64.Deploy.0 = Release|Any CPU
		{75608A53-CEBB-41B3-8294-FEBCFD6B1D33}.Release|x86.ActiveCfg = Release|Any CPU
		{75608A53-CEBB-41B3-8294-FEBCFD6B1D33}.Release|x86.Build.0 = Release|Any CPU
		{75608A53-CEBB-41B3-8294-FEBCFD6B1D33}.Release|x86.Deploy.0 = Release|Any CPU
		{23E67CFF-E6AD-4196-9977-88DC898741AC}.Debug|Any CPU.ActiveCfg = Debug|iPhone
		{23E67CFF-E6AD-4196-9977-88DC898741AC}.Debug|Any CPU.Build.0 = Debug|iPhone
		{23E67CFF-E6AD-4196-9977-88DC898741AC}.Debug|Any CPU.Deploy.0 = Debug|iPhone
		{23E67CFF-E6AD-4196-9977-88DC898741AC}.Debug|ARM.ActiveCfg = Debug|iPhoneSimulator
		{23E67CFF-E6AD-4196-9977-88DC898741AC}.Debug|ARM.Build.0 = Debug|iPhoneSimulator
		{23E67CFF-E6AD-4196-9977-88DC898741AC}.Debug|ARM.Deploy.0 = Debug|iPhoneSimulator
		{23E67CFF-E6AD-4196-9977-88DC898741AC}.Debug|iPhone.ActiveCfg = Debug|iPhone
		{23E67CFF-E6AD-4196-9977-88DC898741AC}.Debug|iPhone.Build.0 = Debug|iPhone
		{23E67CFF-E6AD-4196-9977-88DC898741AC}.Debug|iPhone.Deploy.0 = Debug|iPhone
		{23E67CFF-E6AD-4196-9977-88DC898741AC}.Debug|iPhoneSimulator.ActiveCfg = Debug|iPhoneSimulator
		{23E67CFF-E6AD-4196-9977-88DC898741AC}.Debug|iPhoneSimulator.Build.0 = Debug|iPhoneSimulator
		{23E67CFF-E6AD-4196-9977-88DC898741AC}.Debug|iPhoneSimulator.Deploy.0 = Debug|iPhoneSimulator
		{23E67CFF-E6AD-4196-9977-88DC898741AC}.Debug|x64.ActiveCfg = Debug|iPhone
		{23E67CFF-E6AD-4196-9977-88DC898741AC}.Debug|x64.Build.0 = Debug|iPhone
		{23E67CFF-E6AD-4196-9977-88DC898741AC}.Debug|x64.Deploy.0 = Debug|iPhone
		{23E67CFF-E6AD-4196-9977-88DC898741AC}.Debug|x86.ActiveCfg = Debug|iPhone
		{23E67CFF-E6AD-4196-9977-88DC898741AC}.Debug|x86.Build.0 = Debug|iPhone
		{23E67CFF-E6AD-4196-9977-88DC898741AC}.Debug|x86.Deploy.0 = Debug|iPhone
		{23E67CFF-E6AD-4196-9977-88DC898741AC}.Release|Any CPU.ActiveCfg = Release|iPhone
		{23E67CFF-E6AD-4196-9977-88DC898741AC}.Release|Any CPU.Build.0 = Release|iPhone
		{23E67CFF-E6AD-4196-9977-88DC898741AC}.Release|Any CPU.Deploy.0 = Release|iPhone
		{23E67CFF-E6AD-4196-9977-88DC898741AC}.Release|ARM.ActiveCfg = Release|iPhone
		{23E67CFF-E6AD-4196-9977-88DC898741AC}.Release|ARM.Build.0 = Release|iPhone
		{23E67CFF-E6AD-4196-9977-88DC898741AC}.Release|ARM.Deploy.0 = Release|iPhone
		{23E67CFF-E6AD-4196-9977-88DC898741AC}.Release|iPhone.ActiveCfg = Release|iPhone
		{23E67CFF-E6AD-4196-9977-88DC898741AC}.Release|iPhone.Build.0 = Release|iPhone
		{23E67CFF-E6AD-4196-9977-88DC898741AC}.Release|iPhone.Deploy.0 = Release|iPhone
		{23E67CFF-E6AD-4196-9977-88DC898741AC}.Release|iPhoneSimulator.ActiveCfg = Release|iPhoneSimulator
		{23E67CFF-E6AD-4196-9977-88DC898741AC}.Release|iPhoneSimulator.Build.0 = Release|iPhoneSimulator
		{23E67CFF-E6AD-4196-9977-88DC898741AC}.Release|iPhoneSimulator.Deploy.0 = Release|iPhoneSimulator
		{23E67CFF-E6AD-4196-9977-88DC898741AC}.Release|x64.ActiveCfg = Release|iPhone
		{23E67CFF-E6AD-4196-9977-88DC898741AC}.Release|x64.Build.0 = Release|iPhone
		{23E67CFF-E6AD-4196-9977-88DC898741AC}.Release|x64.Deploy.0 = Release|iPhone
		{23E67CFF-E6AD-4196-9977-88DC898741AC}.Release|x86.ActiveCfg = Release|iPhone
		{23E67CFF-E6AD-4196-9977-88DC898741AC}.Release|x86.Build.0 = Release|iPhone
		{23E67CFF-E6AD-4196-9977-88DC898741AC}.Release|x86.Deploy.0 = Release|iPhone
		{CC8A0E90-904D-482E-B217-B2ABE3777CAC}.Debug|Any CPU.ActiveCfg = Debug|Any CPU
		{CC8A0E90-904D-482E-B217-B2ABE3777CAC}.Debug|Any CPU.Build.0 = Debug|Any CPU
		{CC8A0E90-904D-482E-B217-B2ABE3777CAC}.Debug|ARM.ActiveCfg = Debug|Any CPU
		{CC8A0E90-904D-482E-B217-B2ABE3777CAC}.Debug|ARM.Build.0 = Debug|Any CPU
		{CC8A0E90-904D-482E-B217-B2ABE3777CAC}.Debug|iPhone.ActiveCfg = Debug|Any CPU
		{CC8A0E90-904D-482E-B217-B2ABE3777CAC}.Debug|iPhone.Build.0 = Debug|Any CPU
		{CC8A0E90-904D-482E-B217-B2ABE3777CAC}.Debug|iPhoneSimulator.ActiveCfg = Debug|Any CPU
		{CC8A0E90-904D-482E-B217-B2ABE3777CAC}.Debug|iPhoneSimulator.Build.0 = Debug|Any CPU
		{CC8A0E90-904D-482E-B217-B2ABE3777CAC}.Debug|x64.ActiveCfg = Debug|Any CPU
		{CC8A0E90-904D-482E-B217-B2ABE3777CAC}.Debug|x64.Build.0 = Debug|Any CPU
		{CC8A0E90-904D-482E-B217-B2ABE3777CAC}.Debug|x86.ActiveCfg = Debug|Any CPU
		{CC8A0E90-904D-482E-B217-B2ABE3777CAC}.Debug|x86.Build.0 = Debug|Any CPU
		{CC8A0E90-904D-482E-B217-B2ABE3777CAC}.Release|Any CPU.ActiveCfg = Release|Any CPU
		{CC8A0E90-904D-482E-B217-B2ABE3777CAC}.Release|Any CPU.Build.0 = Release|Any CPU
		{CC8A0E90-904D-482E-B217-B2ABE3777CAC}.Release|ARM.ActiveCfg = Release|Any CPU
		{CC8A0E90-904D-482E-B217-B2ABE3777CAC}.Release|ARM.Build.0 = Release|Any CPU
		{CC8A0E90-904D-482E-B217-B2ABE3777CAC}.Release|iPhone.ActiveCfg = Release|Any CPU
		{CC8A0E90-904D-482E-B217-B2ABE3777CAC}.Release|iPhone.Build.0 = Release|Any CPU
		{CC8A0E90-904D-482E-B217-B2ABE3777CAC}.Release|iPhoneSimulator.ActiveCfg = Release|Any CPU
		{CC8A0E90-904D-482E-B217-B2ABE3777CAC}.Release|iPhoneSimulator.Build.0 = Release|Any CPU
		{CC8A0E90-904D-482E-B217-B2ABE3777CAC}.Release|x64.ActiveCfg = Release|Any CPU
		{CC8A0E90-904D-482E-B217-B2ABE3777CAC}.Release|x64.Build.0 = Release|Any CPU
		{CC8A0E90-904D-482E-B217-B2ABE3777CAC}.Release|x86.ActiveCfg = Release|Any CPU
		{CC8A0E90-904D-482E-B217-B2ABE3777CAC}.Release|x86.Build.0 = Release|Any CPU
	EndGlobalSection
	GlobalSection(SolutionProperties) = preSolution
		HideSolutionNode = FALSE
	EndGlobalSection
	GlobalSection(ExtensibilityGlobals) = postSolution
		SolutionGuid = {F63E2A05-076C-49F4-801F-8B5C313CF826}
	EndGlobalSection
EndGlobal
